
Microsoft Visual Studio Solution File, Format Version 12.00
# Visual Studio Version 17
VisualStudioVersion = 17.5.002.0
MinimumVisualStudioVersion = 10.0.40219.1
Project("{9A19103F-16F7-4668-BE54-9A1E7A4F7556}") = "luther-news-webscrapper", "luther-news-webscrapper.csproj", "{70342820-700D-4E49-A23F-DCC6BD1C8E2F}"
EndProject
Global
	GlobalSection(SolutionConfigurationPlatforms) = preSolution
		Debug|Any CPU = Debug|Any CPU
		Release|Any CPU = Release|Any CPU
	EndGlobalSection
	GlobalSection(ProjectConfigurationPlatforms) = postSolution
		{70342820-700D-4E49-A23F-DCC6BD1C8E2F}.Debug|Any CPU.ActiveCfg = Debug|Any CPU
		{70342820-700D-4E49-A23F-DCC6BD1C8E2F}.Debug|Any CPU.Build.0 = Debug|Any CPU
		{70342820-700D-4E49-A23F-DCC6BD1C8E2F}.Release|Any CPU.ActiveCfg = Release|Any CPU
		{70342820-700D-4E49-A23F-DCC6BD1C8E2F}.Release|Any CPU.Build.0 = Release|Any CPU
	EndGlobalSection
	GlobalSection(SolutionProperties) = preSolution
		HideSolutionNode = FALSE
	EndGlobalSection
	GlobalSection(ExtensibilityGlobals) = postSolution
		SolutionGuid = {9C93C81E-DB92-4157-AA80-8B9AE201DF82}
	EndGlobalSection
EndGlobal
